
Microsoft Visual Studio Solution File, Format Version 12.00
# Visual Studio Version 16
VisualStudioVersion = 16.0.31424.327
MinimumVisualStudioVersion = 10.0.40219.1
Project("{FAE04EC0-301F-11D3-BF4B-00C04F79EFBC}") = "AFL.Ordering.API", "AFL.Web\AFL.Ordering.API.csproj", "{B9077491-4E8D-4A36-9F13-2017CADEE6CE}"
EndProject
Global
	GlobalSection(SolutionConfigurationPlatforms) = preSolution
		Debug|Any CPU = Debug|Any CPU
		Release|Any CPU = Release|Any CPU
	EndGlobalSection
	GlobalSection(ProjectConfigurationPlatforms) = postSolution
		{B9077491-4E8D-4A36-9F13-2017CADEE6CE}.Debug|Any CPU.ActiveCfg = Debug|Any CPU
		{B9077491-4E8D-4A36-9F13-2017CADEE6CE}.Debug|Any CPU.Build.0 = Debug|Any CPU
		{B9077491-4E8D-4A36-9F13-2017CADEE6CE}.Release|Any CPU.ActiveCfg = Release|Any CPU
		{B9077491-4E8D-4A36-9F13-2017CADEE6CE}.Release|Any CPU.Build.0 = Release|Any CPU
	EndGlobalSection
	GlobalSection(SolutionProperties) = preSolution
		HideSolutionNode = FALSE
	EndGlobalSection
	GlobalSection(ExtensibilityGlobals) = postSolution
		SolutionGuid = {2AB35035-26C7-414E-ABD3-01227C9C9A95}
	EndGlobalSection
EndGlobal
