
Microsoft Visual Studio Solution File, Format Version 12.00
# Visual Studio Version 16
VisualStudioVersion = 16.0.31424.327
MinimumVisualStudioVersion = 10.0.40219.1
Project("{2150E333-8FDC-42A3-9474-1A3956D46DE8}") = "Monitor", "Monitor", "{956DD3B5-E69B-4402-8B8E-30A04D1E8B51}"
EndProject
Project("{2150E333-8FDC-42A3-9474-1A3956D46DE8}") = "Service", "Service", "{0D343417-10C7-4A49-9525-BC1267F51DBF}"
EndProject
Project("{2150E333-8FDC-42A3-9474-1A3956D46DE8}") = "ApiGateways", "ApiGateways", "{669D2A93-0387-4325-AF7C-4E109CFBC5C5}"
EndProject
Project("{2150E333-8FDC-42A3-9474-1A3956D46DE8}") = "Shared", "Shared", "{E6729181-DCBE-4E03-BCF4-D53052E1A9CF}"
EndProject
Project("{2150E333-8FDC-42A3-9474-1A3956D46DE8}") = "Solution Items", "Solution Items", "{77710036-FD2B-41C3-B865-A8CCD7E8E6D4}"
EndProject
Project("{2150E333-8FDC-42A3-9474-1A3956D46DE8}") = "Identity", "Identity", "{8E979C3A-1CC2-4CA4-9107-FE6E127D5887}"
EndProject
Project("{2150E333-8FDC-42A3-9474-1A3956D46DE8}") = "Ordering", "Ordering", "{A473AFE6-2774-4FD5-8CDC-2E2F21F3FA94}"
EndProject
Project("{9A19103F-16F7-4668-BE54-9A1E7A4F7556}") = "AFL.Core", "AFL.Core\AFL.Core.csproj", "{311B5300-EBFD-44C0-9D4E-E21595B92982}"
EndProject
Project("{FAE04EC0-301F-11D3-BF4B-00C04F79EFBC}") = "AFL.Domain.Abstractions", "AFL.Domain.Abstractions\AFL.Domain.Abstractions.csproj", "{A867953F-E32C-4DB1-B5A9-95BD34BD359F}"
EndProject
Project("{FAE04EC0-301F-11D3-BF4B-00C04F79EFBC}") = "AFL.Infrastructure.Core", "AFL.Infrastructure.Core\AFL.Infrastructure.Core.csproj", "{F1D22220-FDC8-4ACD-9EBC-2F50927A469C}"
EndProject
Project("{FAE04EC0-301F-11D3-BF4B-00C04F79EFBC}") = "AFL.Ordering.API", "AFL.Ordering.API\AFL.Ordering.API.csproj", "{F27D7E11-5C15-4369-955E-1D650DDEFDC5}"
EndProject
Project("{FAE04EC0-301F-11D3-BF4B-00C04F79EFBC}") = "AFL.Ordering.Domain", "AFL.Ordering.Domain\AFL.Ordering.Domain.csproj", "{21A6D059-1F7B-437E-9A0E-1FDE49C13C8A}"
EndProject
Project("{FAE04EC0-301F-11D3-BF4B-00C04F79EFBC}") = "AFL.Ordering.Infrastructure", "AFL.Ordering.Infrastructure\AFL.Ordering.Infrastructure.csproj", "{B42E72FF-DA4B-4F12-92BA-22FCFF3B42F2}"
EndProject
Global
	GlobalSection(SolutionConfigurationPlatforms) = preSolution
		Debug|Any CPU = Debug|Any CPU
		Release|Any CPU = Release|Any CPU
	EndGlobalSection
	GlobalSection(ProjectConfigurationPlatforms) = postSolution
		{311B5300-EBFD-44C0-9D4E-E21595B92982}.Debug|Any CPU.ActiveCfg = Debug|Any CPU
		{311B5300-EBFD-44C0-9D4E-E21595B92982}.Debug|Any CPU.Build.0 = Debug|Any CPU
		{311B5300-EBFD-44C0-9D4E-E21595B92982}.Release|Any CPU.ActiveCfg = Release|Any CPU
		{311B5300-EBFD-44C0-9D4E-E21595B92982}.Release|Any CPU.Build.0 = Release|Any CPU
		{A867953F-E32C-4DB1-B5A9-95BD34BD359F}.Debug|Any CPU.ActiveCfg = Debug|Any CPU
		{A867953F-E32C-4DB1-B5A9-95BD34BD359F}.Debug|Any CPU.Build.0 = Debug|Any CPU
		{A867953F-E32C-4DB1-B5A9-95BD34BD359F}.Release|Any CPU.ActiveCfg = Release|Any CPU
		{A867953F-E32C-4DB1-B5A9-95BD34BD359F}.Release|Any CPU.Build.0 = Release|Any CPU
		{F1D22220-FDC8-4ACD-9EBC-2F50927A469C}.Debug|Any CPU.ActiveCfg = Debug|Any CPU
		{F1D22220-FDC8-4ACD-9EBC-2F50927A469C}.Debug|Any CPU.Build.0 = Debug|Any CPU
		{F1D22220-FDC8-4ACD-9EBC-2F50927A469C}.Release|Any CPU.ActiveCfg = Release|Any CPU
		{F1D22220-FDC8-4ACD-9EBC-2F50927A469C}.Release|Any CPU.Build.0 = Release|Any CPU
		{F27D7E11-5C15-4369-955E-1D650DDEFDC5}.Debug|Any CPU.ActiveCfg = Debug|Any CPU
		{F27D7E11-5C15-4369-955E-1D650DDEFDC5}.Debug|Any CPU.Build.0 = Debug|Any CPU
		{F27D7E11-5C15-4369-955E-1D650DDEFDC5}.Release|Any CPU.ActiveCfg = Release|Any CPU
		{F27D7E11-5C15-4369-955E-1D650DDEFDC5}.Release|Any CPU.Build.0 = Release|Any CPU
		{21A6D059-1F7B-437E-9A0E-1FDE49C13C8A}.Debug|Any CPU.ActiveCfg = Debug|Any CPU
		{21A6D059-1F7B-437E-9A0E-1FDE49C13C8A}.Debug|Any CPU.Build.0 = Debug|Any CPU
		{21A6D059-1F7B-437E-9A0E-1FDE49C13C8A}.Release|Any CPU.ActiveCfg = Release|Any CPU
		{21A6D059-1F7B-437E-9A0E-1FDE49C13C8A}.Release|Any CPU.Build.0 = Release|Any CPU
		{B42E72FF-DA4B-4F12-92BA-22FCFF3B42F2}.Debug|Any CPU.ActiveCfg = Debug|Any CPU
		{B42E72FF-DA4B-4F12-92BA-22FCFF3B42F2}.Debug|Any CPU.Build.0 = Debug|Any CPU
		{B42E72FF-DA4B-4F12-92BA-22FCFF3B42F2}.Release|Any CPU.ActiveCfg = Release|Any CPU
		{B42E72FF-DA4B-4F12-92BA-22FCFF3B42F2}.Release|Any CPU.Build.0 = Release|Any CPU
	EndGlobalSection
	GlobalSection(SolutionProperties) = preSolution
		HideSolutionNode = FALSE
	EndGlobalSection
	GlobalSection(NestedProjects) = preSolution
		{8E979C3A-1CC2-4CA4-9107-FE6E127D5887} = {0D343417-10C7-4A49-9525-BC1267F51DBF}
		{A473AFE6-2774-4FD5-8CDC-2E2F21F3FA94} = {0D343417-10C7-4A49-9525-BC1267F51DBF}
		{311B5300-EBFD-44C0-9D4E-E21595B92982} = {E6729181-DCBE-4E03-BCF4-D53052E1A9CF}
		{A867953F-E32C-4DB1-B5A9-95BD34BD359F} = {E6729181-DCBE-4E03-BCF4-D53052E1A9CF}
		{F1D22220-FDC8-4ACD-9EBC-2F50927A469C} = {E6729181-DCBE-4E03-BCF4-D53052E1A9CF}
		{F27D7E11-5C15-4369-955E-1D650DDEFDC5} = {A473AFE6-2774-4FD5-8CDC-2E2F21F3FA94}
		{21A6D059-1F7B-437E-9A0E-1FDE49C13C8A} = {A473AFE6-2774-4FD5-8CDC-2E2F21F3FA94}
		{B42E72FF-DA4B-4F12-92BA-22FCFF3B42F2} = {A473AFE6-2774-4FD5-8CDC-2E2F21F3FA94}
	EndGlobalSection
	GlobalSection(ExtensibilityGlobals) = postSolution
		SolutionGuid = {2AB35035-26C7-414E-ABD3-01227C9C9A95}
	EndGlobalSection
EndGlobal
